{
  "name": "test",
  "version": "1.0.0",
  "lockfileVersion": 1,
  "requires": true,
  "dependencies": {
    "@tencent/super-mkdirp": {
      "version": "1.0.0",
      "resolved": "http://r.tnpm.oa.com/@tencent/super-mkdirp/download/@tencent/super-mkdirp-1.0.0.tgz",
      "integrity": "sha1-sbdqfCI4KcbnRjr99yXgst/+3gU=",
      "requires": {
        "minimist": "0.0.8"
      }
    },
    "@tencent/taf-config": {
      "version": "2.0.4",
      "resolved": "http://r.tnpm.oa.com/@tencent/taf-config/download/@tencent/taf-config-2.0.4.tgz",
      "integrity": "sha1-p9RrfjUf6NM1BD4wcr4wjhUCI9E=",
      "requires": {
        "@tencent/taf-rpc": "^3.0.70",
        "@tencent/taf-stream": "^3.1.6",
        "@tencent/taf-utils": "^1.0.18",
        "iconv-lite": "0.4.23"
      },
      "dependencies": {
        "@tencent/taf-rpc": {
          "version": "3.0.70",
          "resolved": "http://r.tnpm.oa.com/@tencent/taf-rpc/download/@tencent/taf-rpc-3.0.70.tgz",
          "integrity": "sha1-10jEOtUbgUFhpML5nYEIz3yqVP8=",
          "requires": {
            "@tencent/taf-dyeing": "^1.0.0",
            "@tencent/taf-monitor": "^1.1.11",
            "@tencent/taf-registry": "^1.1.9",
            "@tencent/taf-rpc-jce": "^3.0.14",
            "@tencent/taf-stream": "^3.1.4",
            "@tencent/taf-utils": "^1.0.18"
          }
        }
      }
    },
    "@tencent/taf-config-parser": {
      "version": "1.0.2",
      "resolved": "http://r.tnpm.oa.com/@tencent/taf-config-parser/download/@tencent/taf-config-parser-1.0.2.tgz",
      "integrity": "sha1-BE7d5KQqC+y81tW3gvXhdNj+WKk=",
      "requires": {
        "@tencent/taf-utils": "^1.0.9"
      }
    },
    "@tencent/taf-dyeing": {
      "version": "1.0.2",
      "resolved": "http://r.tnpm.oa.com/@tencent/taf-dyeing/download/@tencent/taf-dyeing-1.0.2.tgz",
      "integrity": "sha1-zdoRv07YwzEKs5Xi2IPXQ+XdF3o="
    },
    "@tencent/taf-monitor": {
      "version": "1.1.20",
      "resolved": "http://r.tnpm.oa.com/@tencent/taf-monitor/download/@tencent/taf-monitor-1.1.20.tgz",
      "integrity": "sha1-t4eRwwLg+WMIX/bI3tZiA6/u+yo=",
      "requires": {
        "@tencent/taf-config-parser": "^1.0.2",
        "@tencent/taf-rpc": "^3.0.55",
        "@tencent/taf-stream": "^3.1.6"
      }
    },
    "@tencent/taf-registry": {
      "version": "1.1.9",
      "resolved": "http://r.tnpm.oa.com/@tencent/taf-registry/download/@tencent/taf-registry-1.1.9.tgz",
      "integrity": "sha1-RY8viVm25y9yJMAurxVKXu78b5g=",
      "requires": {
        "@tencent/taf-rpc": "^3.0.70",
        "@tencent/taf-stream": "^3.1.6"
      },
      "dependencies": {
        "@tencent/taf-rpc": {
          "version": "3.0.70",
          "resolved": "http://r.tnpm.oa.com/@tencent/taf-rpc/download/@tencent/taf-rpc-3.0.70.tgz",
          "integrity": "sha1-10jEOtUbgUFhpML5nYEIz3yqVP8=",
          "requires": {
            "@tencent/taf-dyeing": "^1.0.0",
            "@tencent/taf-monitor": "^1.1.11",
            "@tencent/taf-registry": "^1.1.9",
            "@tencent/taf-rpc-jce": "^3.0.14",
            "@tencent/taf-stream": "^3.1.4",
            "@tencent/taf-utils": "^1.0.18"
          }
        }
      }
    },
    "@tencent/taf-rpc": {
      "version": "3.0.70",
      "resolved": "http://r.tnpm.oa.com/@tencent/taf-rpc/download/@tencent/taf-rpc-3.0.70.tgz",
      "integrity": "sha1-10jEOtUbgUFhpML5nYEIz3yqVP8=",
      "requires": {
        "@tencent/taf-dyeing": "^1.0.0",
        "@tencent/taf-monitor": "^1.1.11",
        "@tencent/taf-registry": "^1.1.9",
        "@tencent/taf-rpc-jce": "^3.0.14",
        "@tencent/taf-stream": "^3.1.4",
        "@tencent/taf-utils": "^1.0.18"
      }
    },
    "@tencent/taf-rpc-jce": {
      "version": "3.0.14",
      "resolved": "http://r.tnpm.oa.com/@tencent/taf-rpc-jce/download/@tencent/taf-rpc-jce-3.0.14.tgz",
      "integrity": "sha1-u5ZQN5K6Fldoavsl6gomNKxx27s=",
      "requires": {
        "@tencent/taf-stream": "^3.0.0"
      }
    },
    "@tencent/taf-stream": {
      "version": "3.1.6",
      "resolved": "http://r.tnpm.oa.com/@tencent/taf-stream/download/@tencent/taf-stream-3.1.6.tgz",
      "integrity": "sha1-vGMfgPe2jrA3YaWPp5VBZOLj0gs=",
      "requires": {
        "big.js": "^3.1.3"
      }
    },
    "@tencent/taf-utils": {
      "version": "1.0.18",
      "resolved": "http://r.tnpm.oa.com/@tencent/taf-utils/download/@tencent/taf-utils-1.0.18.tgz",
      "integrity": "sha1-kqaLlLTDAb2LCZCG0OuTzLum5r8=",
      "requires": {
        "bluebird": "^3.4.6"
      }
    },
    "@tencent/weplus-taf-logs": {
      "version": "1.0.6",
      "resolved": "http://r.tnpm.oa.com/@tencent/weplus-taf-logs/download/@tencent/weplus-taf-logs-1.0.6.tgz",
      "integrity": "sha1-RLZcIJybmwFRXeNs8gJRxcKm1x4=",
      "requires": {
        "@tencent/taf-config-parser": "^1.0.2",
        "@tencent/taf-dyeing": "^1.0.2",
        "@tencent/winston-taf": "1.1.3",
        "callsite": "^1.0.0",
        "cycle": "1.0.x",
        "winston": "2.1.1"
      },
      "dependencies": {
        "@tencent/taf-dyeing": {
          "version": "1.0.2",
          "resolved": "http://r.tnpm.oa.com/@tencent/taf-dyeing/download/@tencent/taf-dyeing-1.0.2.tgz",
          "integrity": "sha1-zdoRv07YwzEKs5Xi2IPXQ+XdF3o="
        }
      }
    },
    "@tencent/winston-taf": {
      "version": "1.1.3",
      "resolved": "http://r.tnpm.oa.com/@tencent/winston-taf/download/@tencent/winston-taf-1.1.3.tgz",
      "integrity": "sha1-7E8SYuUR6nMA32wz+4yXWuXyCVI=",
      "requires": {
        "@tencent/super-mkdirp": "^1.0.0",
        "@tencent/taf-config-parser": "^1.0.2",
        "@tencent/taf-rpc": "^3.0.70",
        "@tencent/taf-stream": "^3.1.6",
        "async": "^3.1.0",
        "strftime": "^0.10.0"
      },
      "dependencies": {
        "@tencent/taf-rpc": {
          "version": "3.0.70",
          "resolved": "http://r.tnpm.oa.com/@tencent/taf-rpc/download/@tencent/taf-rpc-3.0.70.tgz",
          "integrity": "sha1-10jEOtUbgUFhpML5nYEIz3yqVP8=",
          "requires": {
            "@tencent/taf-dyeing": "^1.0.0",
            "@tencent/taf-monitor": "^1.1.11",
            "@tencent/taf-registry": "^1.1.9",
            "@tencent/taf-rpc-jce": "^3.0.14",
            "@tencent/taf-stream": "^3.1.4",
            "@tencent/taf-utils": "^1.0.18"
          }
        }
      }
    },
    "@tencent/wow-core": {
      "version": "1.2.7",
      "resolved": "http://r.tnpm.oa.com/@tencent/wow-core/download/@tencent/wow-core-1.2.7.tgz",
      "integrity": "sha1-4MS+UgDgm04zPK0D6PLcaXKKtUU=",
      "requires": {
        "@tencent/taf-config": "^2.0.0",
        "@tencent/taf-rpc": "^3.0.48",
        "@tencent/weplus-taf-logs": "^1.0.6",
        "debug": "^3.1.0",
        "is-generator-function": "^1.0.6",
        "koa": "^2.3.0",
        "koa-router": "^7.2.1"
      }
    },
    "accepts": {
      "version": "1.3.7",
      "resolved": "http://r.tnpm.oa.com/accepts/download/accepts-1.3.7.tgz",
      "integrity": "sha1-UxvHJlF6OytB+FACHGzBXqq1B80=",
      "requires": {
        "mime-types": "~2.1.24",
        "negotiator": "0.6.2"
      }
    },
    "any-promise": {
      "version": "1.3.0",
      "resolved": "http://r.tnpm.oa.com/any-promise/download/any-promise-1.3.0.tgz",
      "integrity": "sha1-q8av7tzqUugJzcA3au0845Y10X8="
    },
    "async": {
      "version": "3.1.0",
      "resolved": "http://r.tnpm.oa.com/async/download/async-3.1.0.tgz",
      "integrity": "sha1-QrOxKuG3SSe1IX2MABa6r2JGN3I="
    },
    "big.js": {
      "version": "3.2.0",
      "resolved": "http://r.tnpm.oa.com/big.js/download/big.js-3.2.0.tgz",
      "integrity": "sha1-pfwpi4G54Nyi5FiCR4S2XFK6WI4="
    },
    "bluebird": {
      "version": "3.7.2",
      "resolved": "http://r.tnpm.oa.com/bluebird/download/bluebird-3.7.2.tgz",
      "integrity": "sha1-nyKcFb4nJFT/qXOs4NvueaGww28="
    },
    "cache-content-type": {
      "version": "1.0.1",
      "resolved": "http://r.tnpm.oa.com/cache-content-type/download/cache-content-type-1.0.1.tgz",
      "integrity": "sha1-A1zeKwjuISn0qDFeqPAKANuhRTw=",
      "requires": {
        "mime-types": "^2.1.18",
        "ylru": "^1.2.0"
      }
    },
    "callsite": {
      "version": "1.0.0",
      "resolved": "http://r.tnpm.oa.com/callsite/download/callsite-1.0.0.tgz",
      "integrity": "sha1-KAOY5dZkvXQDi28JBRU+borxvCA="
    },
    "co": {
      "version": "4.6.0",
      "resolved": "http://r.tnpm.oa.com/co/download/co-4.6.0.tgz",
      "integrity": "sha1-bqa989hTrlTMuOR7+gvz+QMfsYQ="
    },
    "colors": {
      "version": "1.0.3",
      "resolved": "http://r.tnpm.oa.com/colors/download/colors-1.0.3.tgz",
      "integrity": "sha1-BDP0TYCWgP3rYO0mDxsMJi6CpAs="
    },
    "commander": {
      "version": "2.20.3",
      "resolved": "http://r.tnpm.oa.com/commander/download/commander-2.20.3.tgz",
      "integrity": "sha1-/UhehMA+tIgcIHIrpIA16FMa6zM="
    },
    "content-disposition": {
      "version": "0.5.3",
      "resolved": "http://r.tnpm.oa.com/content-disposition/download/content-disposition-0.5.3.tgz",
      "integrity": "sha1-4TDK9+cnkIfFYWwgB9BIVpiYT70=",
      "requires": {
        "safe-buffer": "5.1.2"
      }
    },
    "content-type": {
      "version": "1.0.4",
      "resolved": "http://r.tnpm.oa.com/content-type/download/content-type-1.0.4.tgz",
      "integrity": "sha1-4TjMdeBAxyexlm/l5fjJruJW/js="
    },
    "cookies": {
      "version": "0.8.0",
      "resolved": "http://r.tnpm.oa.com/cookies/download/cookies-0.8.0.tgz",
      "integrity": "sha1-EpPOSzkXQKhAbjyYcOgoxLVPP5A=",
      "requires": {
        "depd": "~2.0.0",
        "keygrip": "~1.1.0"
      },
      "dependencies": {
        "depd": {
          "version": "2.0.0",
          "resolved": "http://r.tnpm.oa.com/depd/download/depd-2.0.0.tgz",
          "integrity": "sha1-tpYWPMdXVg0JzyLMj60Vcbeedt8="
        }
      }
    },
    "csvtojson": {
      "version": "2.0.10",
      "resolved": "http://r.tnpm.oa.com/csvtojson/download/csvtojson-2.0.10.tgz",
      "integrity": "sha1-EeckLMYw2lTvznlYpF9EMhA1dXQ=",
      "requires": {
        "bluebird": "^3.5.1",
        "lodash": "^4.17.3",
        "strip-bom": "^2.0.0"
      }
    },
    "cycle": {
      "version": "1.0.3",
      "resolved": "http://r.tnpm.oa.com/cycle/download/cycle-1.0.3.tgz",
      "integrity": "sha1-IegLK+hYD5i0aPN5QwZisEbDStI="
    },
    "debug": {
      "version": "3.2.6",
      "resolved": "http://r.tnpm.oa.com/debug/download/debug-3.2.6.tgz",
      "integrity": "sha1-6D0X3hbYp++3cX7b5fsQE17uYps=",
      "requires": {
        "ms": "^2.1.1"
      }
    },
    "deep-equal": {
      "version": "1.0.1",
      "resolved": "http://r.tnpm.oa.com/deep-equal/download/deep-equal-1.0.1.tgz",
      "integrity": "sha1-9dJgKStmDghO/0zbyfCK0yR0SLU="
    },
    "delegates": {
      "version": "1.0.0",
      "resolved": "http://r.tnpm.oa.com/delegates/download/delegates-1.0.0.tgz",
      "integrity": "sha1-hMbhWbgZBP3KWaDvRM2HDTElD5o="
    },
    "depd": {
      "version": "1.1.2",
      "resolved": "http://r.tnpm.oa.com/depd/download/depd-1.1.2.tgz",
      "integrity": "sha1-m81S4UwJd2PnSbJ0xDRu0uVgtak="
    },
    "destroy": {
      "version": "1.0.4",
      "resolved": "http://r.tnpm.oa.com/destroy/download/destroy-1.0.4.tgz",
      "integrity": "sha1-l4hXRCxEdJ5CBmE+N5RiBYJqvYA="
    },
    "ee-first": {
      "version": "1.1.1",
      "resolved": "http://r.tnpm.oa.com/ee-first/download/ee-first-1.1.1.tgz",
      "integrity": "sha1-WQxhFWsK4vTwJVcyoViyZrxWsh0="
    },
    "encodeurl": {
      "version": "1.0.2",
      "resolved": "http://r.tnpm.oa.com/encodeurl/download/encodeurl-1.0.2.tgz",
      "integrity": "sha1-rT/0yG7C0CkyL1oCw6mmBslbP1k="
    },
    "encoding": {
      "version": "0.1.12",
      "resolved": "http://r.tnpm.oa.com/encoding/download/encoding-0.1.12.tgz",
      "integrity": "sha1-U4tm8+5izRq1HsMjgp0flIDHS+s=",
      "requires": {
        "iconv-lite": "~0.4.13"
      }
    },
    "error-inject": {
      "version": "1.0.0",
      "resolved": "http://r.tnpm.oa.com/error-inject/download/error-inject-1.0.0.tgz",
      "integrity": "sha1-4rPZG1Su1nLzCdlQ0VSFD6EdTzc="
    },
    "escape-html": {
      "version": "1.0.3",
      "resolved": "http://r.tnpm.oa.com/escape-html/download/escape-html-1.0.3.tgz",
      "integrity": "sha1-Aljq5NPQwJdN4cFpGI7wBR0dGYg="
    },
    "eyes": {
      "version": "0.1.8",
      "resolved": "http://r.tnpm.oa.com/eyes/download/eyes-0.1.8.tgz",
      "integrity": "sha1-Ys8SAjTGg3hdkCNIqADvPgzCC8A="
    },
    "fresh": {
      "version": "0.5.2",
      "resolved": "http://r.tnpm.oa.com/fresh/download/fresh-0.5.2.tgz",
      "integrity": "sha1-PYyt2Q2XZWn6g1qx+OSyOhBWBac="
    },
    "http-assert": {
      "version": "1.4.1",
      "resolved": "http://r.tnpm.oa.com/http-assert/download/http-assert-1.4.1.tgz",
      "integrity": "sha1-xfcl1neqfoc+9zYZm4lobM6zeHg=",
      "requires": {
        "deep-equal": "~1.0.1",
        "http-errors": "~1.7.2"
      }
    },
    "http-errors": {
      "version": "1.7.3",
      "resolved": "http://r.tnpm.oa.com/http-errors/download/http-errors-1.7.3.tgz",
      "integrity": "sha1-bGGeT5xgMIw4UZSYwU+7EKrOuwY=",
      "requires": {
        "depd": "~1.1.2",
        "inherits": "2.0.4",
        "setprototypeof": "1.1.1",
        "statuses": ">= 1.5.0 < 2",
        "toidentifier": "1.0.0"
      }
    },
    "iconv-lite": {
      "version": "0.4.23",
      "resolved": "http://r.tnpm.oa.com/iconv-lite/download/iconv-lite-0.4.23.tgz",
      "integrity": "sha1-KXhx9jvlB63Pv8pxXQzQ7thOmmM=",
      "requires": {
        "safer-buffer": ">= 2.1.2 < 3"
      }
    },
    "inherits": {
      "version": "2.0.4",
      "resolved": "http://r.tnpm.oa.com/inherits/download/inherits-2.0.4.tgz",
      "integrity": "sha1-D6LGT5MpF8NDOg3tVTY6rjdBa3w="
    },
    "is-generator-function": {
      "version": "1.0.7",
      "resolved": "http://r.tnpm.oa.com/is-generator-function/download/is-generator-function-1.0.7.tgz",
      "integrity": "sha1-0hMuUpuwAAp/gHlNS99c1eWBNSI="
    },
    "is-utf8": {
      "version": "0.2.1",
      "resolved": "http://r.tnpm.oa.com/is-utf8/download/is-utf8-0.2.1.tgz",
      "integrity": "sha1-Sw2hRCEE0bM2NA6AeX6GXPOffXI="
    },
    "isarray": {
      "version": "0.0.1",
      "resolved": "http://r.tnpm.oa.com/isarray/download/isarray-0.0.1.tgz",
      "integrity": "sha1-ihis/Kmo9Bd+Cav8YDiTmwXR7t8="
    },
    "isstream": {
      "version": "0.1.2",
      "resolved": "http://r.tnpm.oa.com/isstream/download/isstream-0.1.2.tgz",
      "integrity": "sha1-R+Y/evVa+m+S4VAOaQ64uFKcCZo="
    },
    "jschardet": {
      "version": "2.1.1",
      "resolved": "http://r.tnpm.oa.com/jschardet/download/jschardet-2.1.1.tgz",
      "integrity": "sha1-r2+P0LOw9dRqj9lhSk/OSQV1wYQ="
    },
    "json2csv": {
      "version": "4.5.4",
      "resolved": "http://r.tnpm.oa.com/json2csv/download/json2csv-4.5.4.tgz",
      "integrity": "sha1-K1nChpoTfsSM0uJD4BgEZhVfdz8=",
      "requires": {
        "commander": "^2.15.1",
        "jsonparse": "^1.3.1",
        "lodash.get": "^4.4.2"
      }
    },
    "jsonparse": {
      "version": "1.3.1",
      "resolved": "http://r.tnpm.oa.com/jsonparse/download/jsonparse-1.3.1.tgz",
      "integrity": "sha1-P02uSpH6wxX3EGL4UhzCOfE2YoA="
    },
    "keygrip": {
      "version": "1.1.0",
      "resolved": "http://r.tnpm.oa.com/keygrip/download/keygrip-1.1.0.tgz",
      "integrity": "sha1-hxsWgdXhWcYqRFsMdLYV4JF+ciY=",
      "requires": {
        "tsscmp": "1.0.6"
      }
    },
    "koa": {
      "version": "2.11.0",
      "resolved": "http://r.tnpm.oa.com/koa/download/koa-2.11.0.tgz",
      "integrity": "sha1-/lpRxG9WbSdjLdXcj9XX3UT5NaQ=",
      "requires": {
        "accepts": "^1.3.5",
        "cache-content-type": "^1.0.0",
        "content-disposition": "~0.5.2",
        "content-type": "^1.0.4",
        "cookies": "~0.8.0",
        "debug": "~3.1.0",
        "delegates": "^1.0.0",
        "depd": "^1.1.2",
        "destroy": "^1.0.4",
        "encodeurl": "^1.0.2",
        "error-inject": "^1.0.0",
        "escape-html": "^1.0.3",
        "fresh": "~0.5.2",
        "http-assert": "^1.3.0",
        "http-errors": "^1.6.3",
        "is-generator-function": "^1.0.7",
        "koa-compose": "^4.1.0",
        "koa-convert": "^1.2.0",
        "on-finished": "^2.3.0",
        "only": "~0.0.2",
        "parseurl": "^1.3.2",
        "statuses": "^1.5.0",
        "type-is": "^1.6.16",
        "vary": "^1.1.2"
      },
      "dependencies": {
        "debug": {
          "version": "3.1.0",
          "resolved": "http://r.tnpm.oa.com/debug/download/debug-3.1.0.tgz",
          "integrity": "sha1-W7WgZyYotkFJVmuhaBnmFRjGcmE=",
          "requires": {
            "ms": "2.0.0"
          }
        },
        "ms": {
          "version": "2.0.0",
          "resolved": "http://r.tnpm.oa.com/ms/download/ms-2.0.0.tgz",
          "integrity": "sha1-VgiurfwAvmwpAd9fmGF4jeDVl8g="
        }
      }
    },
    "koa-compose": {
      "version": "4.1.0",
      "resolved": "http://r.tnpm.oa.com/koa-compose/download/koa-compose-4.1.0.tgz",
      "integrity": "sha1-UHMGuTcZAdtBEhyBLpI9DWfT6Hc="
    },
    "koa-convert": {
      "version": "1.2.0",
      "resolved": "http://r.tnpm.oa.com/koa-convert/download/koa-convert-1.2.0.tgz",
      "integrity": "sha1-2kCHXfSd4FOQmNFwC1CCDOvNIdA=",
      "requires": {
        "co": "^4.6.0",
        "koa-compose": "^3.0.0"
      },
      "dependencies": {
        "koa-compose": {
          "version": "3.2.1",
          "resolved": "http://r.tnpm.oa.com/koa-compose/download/koa-compose-3.2.1.tgz",
          "integrity": "sha1-qFzLQLfZhtjlo0Wzoazo6rz1Tec=",
          "requires": {
            "any-promise": "^1.1.0"
          }
        }
      }
    },
    "koa-router": {
      "version": "7.4.0",
      "resolved": "http://r.tnpm.oa.com/koa-router/download/koa-router-7.4.0.tgz",
      "integrity": "sha1-ruH3rcAtXLMdfWdGXJ6syCXoxeA=",
      "requires": {
        "debug": "^3.1.0",
        "http-errors": "^1.3.1",
        "koa-compose": "^3.0.0",
        "methods": "^1.0.1",
        "path-to-regexp": "^1.1.1",
        "urijs": "^1.19.0"
      },
      "dependencies": {
        "koa-compose": {
          "version": "3.2.1",
          "resolved": "http://r.tnpm.oa.com/koa-compose/download/koa-compose-3.2.1.tgz",
          "integrity": "sha1-qFzLQLfZhtjlo0Wzoazo6rz1Tec=",
          "requires": {
            "any-promise": "^1.1.0"
          }
        }
      }
    },
    "lodash": {
      "version": "4.17.15",
      "resolved": "http://r.tnpm.oa.com/lodash/download/lodash-4.17.15.tgz",
      "integrity": "sha1-tEf2ZwoEVbv+7dETku/zMOoJdUg="
    },
    "lodash.get": {
      "version": "4.4.2",
      "resolved": "http://r.tnpm.oa.com/lodash.get/download/lodash.get-4.4.2.tgz",
      "integrity": "sha1-LRd/ZS+jHpObRDjVNBSZ36OCXpk="
    },
    "media-typer": {
      "version": "0.3.0",
      "resolved": "http://r.tnpm.oa.com/media-typer/download/media-typer-0.3.0.tgz",
      "integrity": "sha1-hxDXrwqmJvj/+hzgAWhUUmMlV0g="
    },
    "methods": {
      "version": "1.1.2",
      "resolved": "http://r.tnpm.oa.com/methods/download/methods-1.1.2.tgz",
      "integrity": "sha1-VSmk1nZUE07cxSZmVoNbD4Ua/O4="
    },
    "mime-db": {
      "version": "1.42.0",
      "resolved": "http://r.tnpm.oa.com/mime-db/download/mime-db-1.42.0.tgz",
      "integrity": "sha1-PiUpB7THrbkGWXtLZWNics+ee6w="
    },
    "mime-types": {
      "version": "2.1.25",
      "resolved": "http://r.tnpm.oa.com/mime-types/download/mime-types-2.1.25.tgz",
      "integrity": "sha1-OXctRmIfk+KoCoVsU7hqYhVqZDc=",
      "requires": {
        "mime-db": "1.42.0"
      }
    },
    "minimist": {
      "version": "0.0.8",
      "resolved": "http://r.tnpm.oa.com/minimist/download/minimist-0.0.8.tgz",
      "integrity": "sha1-hX/Kv8M5fSYluCKCYuhqp6ARsF0="
    },
    "ms": {
      "version": "2.1.2",
      "resolved": "http://r.tnpm.oa.com/ms/download/ms-2.1.2.tgz",
      "integrity": "sha1-0J0fNXtEP0kzgqjrPM0YOHKuYAk="
    },
    "negotiator": {
      "version": "0.6.2",
      "resolved": "http://r.tnpm.oa.com/negotiator/download/negotiator-0.6.2.tgz",
      "integrity": "sha1-/qz3zPUlp3rpY0Q2pkiD/+yjRvs="
    },
    "on-finished": {
      "version": "2.3.0",
      "resolved": "http://r.tnpm.oa.com/on-finished/download/on-finished-2.3.0.tgz",
      "integrity": "sha1-IPEzZIGwg811M3mSoWlxqi2QaUc=",
      "requires": {
        "ee-first": "1.1.1"
      }
    },
    "only": {
      "version": "0.0.2",
      "resolved": "http://r.tnpm.oa.com/only/download/only-0.0.2.tgz",
      "integrity": "sha1-Kv3oTQPlC5qO3EROMGEKcCle37Q="
    },
    "parseurl": {
      "version": "1.3.3",
      "resolved": "http://r.tnpm.oa.com/parseurl/download/parseurl-1.3.3.tgz",
      "integrity": "sha1-naGee+6NEt/wUT7Vt2lXeTvC6NQ="
    },
    "path-to-regexp": {
      "version": "1.8.0",
      "resolved": "http://r.tnpm.oa.com/path-to-regexp/download/path-to-regexp-1.8.0.tgz",
      "integrity": "sha1-iHs7qdhDk+h6CgufTLdWGYtTVIo=",
      "requires": {
        "isarray": "0.0.1"
      }
    },
    "pkginfo": {
      "version": "0.3.1",
      "resolved": "http://r.tnpm.oa.com/pkginfo/download/pkginfo-0.3.1.tgz",
      "integrity": "sha1-Wyn2qB9wcXFC4J52W76rl7T4HiE="
    },
    "safe-buffer": {
      "version": "5.1.2",
      "resolved": "http://r.tnpm.oa.com/safe-buffer/download/safe-buffer-5.1.2.tgz",
      "integrity": "sha1-mR7GnSluAxN0fVm9/St0XDX4go0="
    },
    "safer-buffer": {
      "version": "2.1.2",
      "resolved": "http://r.tnpm.oa.com/safer-buffer/download/safer-buffer-2.1.2.tgz",
      "integrity": "sha1-RPoWGwGHuVSd2Eu5GAL5vYOFzWo="
    },
    "setprototypeof": {
      "version": "1.1.1",
      "resolved": "http://r.tnpm.oa.com/setprototypeof/download/setprototypeof-1.1.1.tgz",
      "integrity": "sha1-fpWsskqpL1iF4KvvW6ExMw1K5oM="
    },
    "stack-trace": {
      "version": "0.0.10",
      "resolved": "http://r.tnpm.oa.com/stack-trace/download/stack-trace-0.0.10.tgz",
      "integrity": "sha1-VHxws0fo0ytOEI6hoqFZ5f3eGcA="
    },
    "statuses": {
      "version": "1.5.0",
      "resolved": "http://r.tnpm.oa.com/statuses/download/statuses-1.5.0.tgz",
      "integrity": "sha1-Fhx9rBd2Wf2YEfQ3cfqZOBR4Yow="
    },
    "strftime": {
      "version": "0.10.0",
      "resolved": "http://r.tnpm.oa.com/strftime/download/strftime-0.10.0.tgz",
      "integrity": "sha1-s/D6QZKVICpaKJ9ta+n0kJphcZM="
    },
    "strip-bom": {
      "version": "2.0.0",
      "resolved": "http://r.tnpm.oa.com/strip-bom/download/strip-bom-2.0.0.tgz",
      "integrity": "sha1-YhmoVhZSBJHzV4i9vxRHqZx+aw4=",
      "requires": {
        "is-utf8": "^0.2.0"
      }
    },
    "toidentifier": {
      "version": "1.0.0",
      "resolved": "http://r.tnpm.oa.com/toidentifier/download/toidentifier-1.0.0.tgz",
      "integrity": "sha1-fhvjRw8ed5SLxD2Uo8j013UrpVM="
    },
    "tsscmp": {
      "version": "1.0.6",
      "resolved": "http://r.tnpm.oa.com/tsscmp/download/tsscmp-1.0.6.tgz",
      "integrity": "sha1-hbmVg6w1iexL/vgltQAKqRHWBes="
    },
    "type-is": {
      "version": "1.6.18",
      "resolved": "http://r.tnpm.oa.com/type-is/download/type-is-1.6.18.tgz",
      "integrity": "sha1-TlUs0F3wlGfcvE73Od6J8s83wTE=",
      "requires": {
        "media-typer": "0.3.0",
        "mime-types": "~2.1.24"
      }
    },
    "urijs": {
      "version": "1.19.5",
      "resolved": "https://registry.npmjs.org/urijs/-/urijs-1.19.5.tgz",
      "integrity": "sha512-48z9VGWwdCV5KfizHsE05DWS5fhK6gFlx5MjO7xu0Krc5FGPWzjlXEVV0nPMrdVuP7xmMHiPZ2HoYZwKOFTZOg=="
    },
    "vary": {
      "version": "1.1.2",
      "resolved": "http://r.tnpm.oa.com/vary/download/vary-1.1.2.tgz",
      "integrity": "sha1-IpnwLG3tMNSllhsLn3RSShj2NPw="
    },
    "winston": {
      "version": "2.1.1",
      "resolved": "http://r.tnpm.oa.com/winston/download/winston-2.1.1.tgz",
      "integrity": "sha1-PJNJ0ZYgf9G9/51LxD73JRDjoS4=",
      "requires": {
        "async": "~1.0.0",
        "colors": "1.0.x",
        "cycle": "1.0.x",
        "eyes": "0.1.x",
        "isstream": "0.1.x",
        "pkginfo": "0.3.x",
        "stack-trace": "0.0.x"
      },
      "dependencies": {
        "async": {
          "version": "1.0.0",
          "resolved": "http://r.tnpm.oa.com/async/download/async-1.0.0.tgz",
          "integrity": "sha1-+PwEyjoTeErenhZBr5hXjPvWR6k="
        }
      }
    },
    "ylru": {
      "version": "1.2.1",
      "resolved": "http://r.tnpm.oa.com/ylru/download/ylru-1.2.1.tgz",
      "integrity": "sha1-9Xa2M0FUeYnB3nuiiHYJI7J/6E8="
    }
  }
}
